
Microsoft Visual Studio Solution File, Format Version 12.00
# Visual Studio Version 17
VisualStudioVersion = 17.5.33530.505
MinimumVisualStudioVersion = 10.0.40219.1
Project("{FAE04EC0-301F-11D3-BF4B-00C04F79EFBC}") = "SmartZone", "SmartZone\SmartZone.csproj", "{993AF270-D89E-49E2-A3D4-75704411191B}"
EndProject
Global
	GlobalSection(SolutionConfigurationPlatforms) = preSolution
		Debug|Any CPU = Debug|Any CPU
		Release|Any CPU = Release|Any CPU
	EndGlobalSection
	GlobalSection(ProjectConfigurationPlatforms) = postSolution
		{993AF270-D89E-49E2-A3D4-75704411191B}.Debug|Any CPU.ActiveCfg = Debug|Any CPU
		{993AF270-D89E-49E2-A3D4-75704411191B}.Debug|Any CPU.Build.0 = Debug|Any CPU
		{993AF270-D89E-49E2-A3D4-75704411191B}.Release|Any CPU.ActiveCfg = Release|Any CPU
		{993AF270-D89E-49E2-A3D4-75704411191B}.Release|Any CPU.Build.0 = Release|Any CPU
	EndGlobalSection
	GlobalSection(SolutionProperties) = preSolution
		HideSolutionNode = FALSE
	EndGlobalSection
	GlobalSection(ExtensibilityGlobals) = postSolution
		SolutionGuid = {A51C1A1B-18B8-4551-8060-65BCD097B2D7}
	EndGlobalSection
EndGlobal
